
Microsoft Visual Studio Solution File, Format Version 12.00
# Visual Studio Version 16
VisualStudioVersion = 16.0.28803.452
MinimumVisualStudioVersion = 10.0.40219.1
Project("{2150E333-8FDC-42A3-9474-1A3956D46DE8}") = "Service Implementations", "Service Implementations", "{83990907-C4B9-47A3-8D85-D183EBD5487B}"
EndProject
Project("{2150E333-8FDC-42A3-9474-1A3956D46DE8}") = "Controls", "Controls", "{B24F8373-47A5-46CE-AFE7-D5A080AE98A9}"
EndProject
Project("{2150E333-8FDC-42A3-9474-1A3956D46DE8}") = "Applications", "Applications", "{4178A4E0-44CA-4186-9800-8842289F53A4}"
EndProject
Project("{2150E333-8FDC-42A3-9474-1A3956D46DE8}") = "ExternalResources", "ExternalResources", "{7937CA97-72F0-4CDE-AB78-59D316F58AC6}"
EndProject
Project("{2150E333-8FDC-42A3-9474-1A3956D46DE8}") = "Setup", "Setup", "{F53A6E4F-410A-45F3-A7D5-CD52BFE872FF}"
EndProject
Project("{2150E333-8FDC-42A3-9474-1A3956D46DE8}") = "Test", "Test", "{3C48F3E6-3424-44BA-A742-C7E4229AA2A2}"
EndProject
Project("{FAE04EC0-301F-11D3-BF4B-00C04F79EFBC}") = "Sobiens.Connectors.WPF.Controls", "Sobiens.Connectors.WPF.Controls\Sobiens.Connectors.WPF.Controls.csproj", "{110D90E6-3E8A-478C-AEB8-940315E2CBE9}"
EndProject
Project("{FAE04EC0-301F-11D3-BF4B-00C04F79EFBC}") = "SharePointLyncConnector.WPF", "SharePointLyncConnector.WPF\SharePointLyncConnector.WPF.csproj", "{44F22CC9-C61D-44A8-99F8-00AF543F0672}"
EndProject
Project("{FAE04EC0-301F-11D3-BF4B-00C04F79EFBC}") = "Sobiens.Connectors.Services.SharePoint", "Sobiens.Connectors.Services.SharePoint\Sobiens.Connectors.Services.SharePoint.csproj", "{C21E377F-CC1A-439F-B80D-B1961B1BE6AC}"
EndProject
Project("{FAE04EC0-301F-11D3-BF4B-00C04F79EFBC}") = "Sobiens.Connectors.Services.Settings", "Sobiens.Connectors.Services.Settings\Sobiens.Connectors.Services.Settings.csproj", "{C250E6FC-850D-4E1B-9EEF-1EAE0FF2DFAE}"
EndProject
Project("{FAE04EC0-301F-11D3-BF4B-00C04F79EFBC}") = "Sobiens.Connectors.Common", "Sobiens.Connectors.Common\Sobiens.Connectors.Common.csproj", "{B654D14D-DBC7-41DB-9286-EC9794340402}"
EndProject
Project("{FAE04EC0-301F-11D3-BF4B-00C04F79EFBC}") = "Sobiens.Connectors.Entities", "Sobiens.Connectors.Entities\Sobiens.Connectors.Entities.csproj", "{5A43ACC0-1BF6-4FB4-B990-9C681BC705FB}"
EndProject
Project("{FAE04EC0-301F-11D3-BF4B-00C04F79EFBC}") = "Sobiens.Connectors.WordConnector", "Sobiens.Connectors.WordConnector\Sobiens.Connectors.WordConnector.csproj", "{B81D4F88-FCBA-45EB-A9A2-1F13FBEF3785}"
EndProject
Project("{FAE04EC0-301F-11D3-BF4B-00C04F79EFBC}") = "Sobiens.Connectors.Windows.Controls", "Sobiens.Connectors.Windows.Controls\Sobiens.Connectors.Windows.Controls.csproj", "{69F42D7F-DC50-405E-9A99-3DCD1F18AB62}"
EndProject
Project("{FAE04EC0-301F-11D3-BF4B-00C04F79EFBC}") = "Sobiens.Connectors.Administration", "Sobiens.Connectors.Administration\Sobiens.Connectors.Administration.csproj", "{18E47BDF-74E7-4052-901A-B3D9456ECEA9}"
EndProject
Project("{FAE04EC0-301F-11D3-BF4B-00C04F79EFBC}") = "Sobiens.Connectors.OutlookConnector", "Sobiens.Connectors.OutlookConnector\Sobiens.Connectors.OutlookConnector.csproj", "{F08811ED-51BA-4FB0-B063-EA24C511DA71}"
EndProject
Project("{FAE04EC0-301F-11D3-BF4B-00C04F79EFBC}") = "Sobiens.WPF.Controls", "Sobiens.WPF.Controls\Sobiens.WPF.Controls.csproj", "{30B935DE-1738-4216-8759-B55FD94199FD}"
EndProject
Project("{FAE04EC0-301F-11D3-BF4B-00C04F79EFBC}") = "Sobiens.Connectors.Services.Gmail", "Sobiens.Connectors.Services.Gmail\Sobiens.Connectors.Services.Gmail.csproj", "{089E73FF-7E7D-4391-8DDF-62366BDE6A70}"
EndProject
Project("{54435603-DBB4-11D2-8724-00A0C9A8B90C}") = "Sobiens.Connectors.Setup", "Sobiens.Connectors.Setup\Sobiens.Connectors.Setup.vdproj", "{CC3620E1-74A9-494C-A126-8E286198B24E}"
EndProject
Project("{FAE04EC0-301F-11D3-BF4B-00C04F79EFBC}") = "Sobiens.Connectors.ExcelConnector", "Sobiens.Connectors.ExcelConnector\Sobiens.Connectors.ExcelConnector.csproj", "{E3410104-FB6B-43A4-B2BF-4111EA935633}"
EndProject
Project("{FAE04EC0-301F-11D3-BF4B-00C04F79EFBC}") = "Sobiens.Connectors.WPFControlsTest", "Sobiens.Connectors.WPFControlsTest\Sobiens.Connectors.WPFControlsTest.csproj", "{B55731AB-A4C4-43E6-BC0E-1E055B56BD21}"
EndProject
Project("{FAE04EC0-301F-11D3-BF4B-00C04F79EFBC}") = "registryUpdater", "registryUpdater\registryUpdater.csproj", "{4E8F0124-9469-4CB2-8249-A3382DB8AD5B}"
EndProject
Project("{FAE04EC0-301F-11D3-BF4B-00C04F79EFBC}") = "Sobiens.Connectors.Studio.UI", "Sobiens.Connectors.Studio.UI\Sobiens.Connectors.Studio.UI.csproj", "{171BF91A-9D35-46EB-ADB8-D001116E406B}"
EndProject
Project("{FAE04EC0-301F-11D3-BF4B-00C04F79EFBC}") = "Sobiens.Connectors.Services.CRM", "Sobiens.Connectors.Services.CRM\Sobiens.Connectors.Services.CRM.csproj", "{6303D486-618E-4AF1-B42A-C16F9E381D0A}"
EndProject
Project("{FAE04EC0-301F-11D3-BF4B-00C04F79EFBC}") = "Sobiens.Connectors.Studio.UI.Controls", "Sobiens.Connectors.Studio.UI.Controls\Sobiens.Connectors.Studio.UI.Controls.csproj", "{2E6D5F4A-65D7-4C7A-A116-58C6BD8A2048}"
EndProject
Global
	GlobalSection(SolutionConfigurationPlatforms) = preSolution
		Debug|Any CPU = Debug|Any CPU
		Debug|Mixed Platforms = Debug|Mixed Platforms
		Debug|Windows Phone = Debug|Windows Phone
		Debug|x86 = Debug|x86
		Release|Any CPU = Release|Any CPU
		Release|Mixed Platforms = Release|Mixed Platforms
		Release|Windows Phone = Release|Windows Phone
		Release|x86 = Release|x86
		WindowsWP|Any CPU = WindowsWP|Any CPU
		WindowsWP|Mixed Platforms = WindowsWP|Mixed Platforms
		WindowsWP|Windows Phone = WindowsWP|Windows Phone
		WindowsWP|x86 = WindowsWP|x86
		WPFControlsTest|Any CPU = WPFControlsTest|Any CPU
		WPFControlsTest|Mixed Platforms = WPFControlsTest|Mixed Platforms
		WPFControlsTest|Windows Phone = WPFControlsTest|Windows Phone
		WPFControlsTest|x86 = WPFControlsTest|x86
	EndGlobalSection
	GlobalSection(ProjectConfigurationPlatforms) = postSolution
		{110D90E6-3E8A-478C-AEB8-940315E2CBE9}.Debug|Any CPU.ActiveCfg = Debug|Any CPU
		{110D90E6-3E8A-478C-AEB8-940315E2CBE9}.Debug|Any CPU.Build.0 = Debug|Any CPU
		{110D90E6-3E8A-478C-AEB8-940315E2CBE9}.Debug|Mixed Platforms.ActiveCfg = Debug|Any CPU
		{110D90E6-3E8A-478C-AEB8-940315E2CBE9}.Debug|Mixed Platforms.Build.0 = Debug|Any CPU
		{110D90E6-3E8A-478C-AEB8-940315E2CBE9}.Debug|Windows Phone.ActiveCfg = Debug|Any CPU
		{110D90E6-3E8A-478C-AEB8-940315E2CBE9}.Debug|x86.ActiveCfg = Debug|Any CPU
		{110D90E6-3E8A-478C-AEB8-940315E2CBE9}.Release|Any CPU.ActiveCfg = Release|Any CPU
		{110D90E6-3E8A-478C-AEB8-940315E2CBE9}.Release|Any CPU.Build.0 = Release|Any CPU
		{110D90E6-3E8A-478C-AEB8-940315E2CBE9}.Release|Mixed Platforms.ActiveCfg = Release|Any CPU
		{110D90E6-3E8A-478C-AEB8-940315E2CBE9}.Release|Mixed Platforms.Build.0 = Release|Any CPU
		{110D90E6-3E8A-478C-AEB8-940315E2CBE9}.Release|Windows Phone.ActiveCfg = Release|Any CPU
		{110D90E6-3E8A-478C-AEB8-940315E2CBE9}.Release|x86.ActiveCfg = Release|Any CPU
		{110D90E6-3E8A-478C-AEB8-940315E2CBE9}.WindowsWP|Any CPU.ActiveCfg = WindowsWP|Any CPU
		{110D90E6-3E8A-478C-AEB8-940315E2CBE9}.WindowsWP|Mixed Platforms.ActiveCfg = WindowsWP|Any CPU
		{110D90E6-3E8A-478C-AEB8-940315E2CBE9}.WindowsWP|Mixed Platforms.Build.0 = WindowsWP|Any CPU
		{110D90E6-3E8A-478C-AEB8-940315E2CBE9}.WindowsWP|Windows Phone.ActiveCfg = WindowsWP|Any CPU
		{110D90E6-3E8A-478C-AEB8-940315E2CBE9}.WindowsWP|x86.ActiveCfg = WindowsWP|Any CPU
		{110D90E6-3E8A-478C-AEB8-940315E2CBE9}.WPFControlsTest|Any CPU.ActiveCfg = WPFControlsTest|Any CPU
		{110D90E6-3E8A-478C-AEB8-940315E2CBE9}.WPFControlsTest|Mixed Platforms.ActiveCfg = WPFControlsTest|Any CPU
		{110D90E6-3E8A-478C-AEB8-940315E2CBE9}.WPFControlsTest|Windows Phone.ActiveCfg = WPFControlsTest|Any CPU
		{110D90E6-3E8A-478C-AEB8-940315E2CBE9}.WPFControlsTest|x86.ActiveCfg = WPFControlsTest|Any CPU
		{44F22CC9-C61D-44A8-99F8-00AF543F0672}.Debug|Any CPU.ActiveCfg = Debug|Any CPU
		{44F22CC9-C61D-44A8-99F8-00AF543F0672}.Debug|Mixed Platforms.ActiveCfg = Debug|Any CPU
		{44F22CC9-C61D-44A8-99F8-00AF543F0672}.Debug|Mixed Platforms.Build.0 = Debug|Any CPU
		{44F22CC9-C61D-44A8-99F8-00AF543F0672}.Debug|Windows Phone.ActiveCfg = Debug|Any CPU
		{44F22CC9-C61D-44A8-99F8-00AF543F0672}.Debug|x86.ActiveCfg = Debug|Any CPU
		{44F22CC9-C61D-44A8-99F8-00AF543F0672}.Release|Any CPU.ActiveCfg = Release|Any CPU
		{44F22CC9-C61D-44A8-99F8-00AF543F0672}.Release|Any CPU.Build.0 = Release|Any CPU
		{44F22CC9-C61D-44A8-99F8-00AF543F0672}.Release|Mixed Platforms.ActiveCfg = Release|Any CPU
		{44F22CC9-C61D-44A8-99F8-00AF543F0672}.Release|Mixed Platforms.Build.0 = Release|Any CPU
		{44F22CC9-C61D-44A8-99F8-00AF543F0672}.Release|Windows Phone.ActiveCfg = Release|Any CPU
		{44F22CC9-C61D-44A8-99F8-00AF543F0672}.Release|x86.ActiveCfg = Release|Any CPU
		{44F22CC9-C61D-44A8-99F8-00AF543F0672}.WindowsWP|Any CPU.ActiveCfg = WindowsWP|Any CPU
		{44F22CC9-C61D-44A8-99F8-00AF543F0672}.WindowsWP|Mixed Platforms.ActiveCfg = WindowsWP|Any CPU
		{44F22CC9-C61D-44A8-99F8-00AF543F0672}.WindowsWP|Mixed Platforms.Build.0 = WindowsWP|Any CPU
		{44F22CC9-C61D-44A8-99F8-00AF543F0672}.WindowsWP|Windows Phone.ActiveCfg = WindowsWP|Any CPU
		{44F22CC9-C61D-44A8-99F8-00AF543F0672}.WindowsWP|x86.ActiveCfg = WindowsWP|Any CPU
		{44F22CC9-C61D-44A8-99F8-00AF543F0672}.WPFControlsTest|Any CPU.ActiveCfg = WPFControlsTest|Any CPU
		{44F22CC9-C61D-44A8-99F8-00AF543F0672}.WPFControlsTest|Mixed Platforms.ActiveCfg = WPFControlsTest|Any CPU
		{44F22CC9-C61D-44A8-99F8-00AF543F0672}.WPFControlsTest|Windows Phone.ActiveCfg = WPFControlsTest|Any CPU
		{44F22CC9-C61D-44A8-99F8-00AF543F0672}.WPFControlsTest|x86.ActiveCfg = WPFControlsTest|Any CPU
		{C21E377F-CC1A-439F-B80D-B1961B1BE6AC}.Debug|Any CPU.ActiveCfg = Debug|Any CPU
		{C21E377F-CC1A-439F-B80D-B1961B1BE6AC}.Debug|Any CPU.Build.0 = Debug|Any CPU
		{C21E377F-CC1A-439F-B80D-B1961B1BE6AC}.Debug|Mixed Platforms.ActiveCfg = Debug|Any CPU
		{C21E377F-CC1A-439F-B80D-B1961B1BE6AC}.Debug|Mixed Platforms.Build.0 = Debug|Any CPU
		{C21E377F-CC1A-439F-B80D-B1961B1BE6AC}.Debug|Windows Phone.ActiveCfg = Debug|Any CPU
		{C21E377F-CC1A-439F-B80D-B1961B1BE6AC}.Debug|x86.ActiveCfg = Debug|Any CPU
		{C21E377F-CC1A-439F-B80D-B1961B1BE6AC}.Release|Any CPU.ActiveCfg = Release|Any CPU
		{C21E377F-CC1A-439F-B80D-B1961B1BE6AC}.Release|Any CPU.Build.0 = Release|Any CPU
		{C21E377F-CC1A-439F-B80D-B1961B1BE6AC}.Release|Mixed Platforms.ActiveCfg = Release|Any CPU
		{C21E377F-CC1A-439F-B80D-B1961B1BE6AC}.Release|Mixed Platforms.Build.0 = Release|Any CPU
		{C21E377F-CC1A-439F-B80D-B1961B1BE6AC}.Release|Windows Phone.ActiveCfg = Release|Any CPU
		{C21E377F-CC1A-439F-B80D-B1961B1BE6AC}.Release|x86.ActiveCfg = Release|Any CPU
		{C21E377F-CC1A-439F-B80D-B1961B1BE6AC}.WindowsWP|Any CPU.ActiveCfg = WindowsWP|Any CPU
		{C21E377F-CC1A-439F-B80D-B1961B1BE6AC}.WindowsWP|Mixed Platforms.ActiveCfg = WindowsWP|Any CPU
		{C21E377F-CC1A-439F-B80D-B1961B1BE6AC}.WindowsWP|Mixed Platforms.Build.0 = WindowsWP|Any CPU
		{C21E377F-CC1A-439F-B80D-B1961B1BE6AC}.WindowsWP|Windows Phone.ActiveCfg = WindowsWP|Any CPU
		{C21E377F-CC1A-439F-B80D-B1961B1BE6AC}.WindowsWP|x86.ActiveCfg = WindowsWP|Any CPU
		{C21E377F-CC1A-439F-B80D-B1961B1BE6AC}.WPFControlsTest|Any CPU.ActiveCfg = WPFControlsTest|Any CPU
		{C21E377F-CC1A-439F-B80D-B1961B1BE6AC}.WPFControlsTest|Mixed Platforms.ActiveCfg = WPFControlsTest|Any CPU
		{C21E377F-CC1A-439F-B80D-B1961B1BE6AC}.WPFControlsTest|Windows Phone.ActiveCfg = WPFControlsTest|Any CPU
		{C21E377F-CC1A-439F-B80D-B1961B1BE6AC}.WPFControlsTest|x86.ActiveCfg = WPFControlsTest|Any CPU
		{C250E6FC-850D-4E1B-9EEF-1EAE0FF2DFAE}.Debug|Any CPU.ActiveCfg = Debug|Any CPU
		{C250E6FC-850D-4E1B-9EEF-1EAE0FF2DFAE}.Debug|Any CPU.Build.0 = Debug|Any CPU
		{C250E6FC-850D-4E1B-9EEF-1EAE0FF2DFAE}.Debug|Mixed Platforms.ActiveCfg = Debug|Any CPU
		{C250E6FC-850D-4E1B-9EEF-1EAE0FF2DFAE}.Debug|Mixed Platforms.Build.0 = Debug|Any CPU
		{C250E6FC-850D-4E1B-9EEF-1EAE0FF2DFAE}.Debug|Windows Phone.ActiveCfg = Debug|Any CPU
		{C250E6FC-850D-4E1B-9EEF-1EAE0FF2DFAE}.Debug|x86.ActiveCfg = Debug|Any CPU
		{C250E6FC-850D-4E1B-9EEF-1EAE0FF2DFAE}.Release|Any CPU.ActiveCfg = Release|Any CPU
		{C250E6FC-850D-4E1B-9EEF-1EAE0FF2DFAE}.Release|Any CPU.Build.0 = Release|Any CPU
		{C250E6FC-850D-4E1B-9EEF-1EAE0FF2DFAE}.Release|Mixed Platforms.ActiveCfg = Release|Any CPU
		{C250E6FC-850D-4E1B-9EEF-1EAE0FF2DFAE}.Release|Mixed Platforms.Build.0 = Release|Any CPU
		{C250E6FC-850D-4E1B-9EEF-1EAE0FF2DFAE}.Release|Windows Phone.ActiveCfg = Release|Any CPU
		{C250E6FC-850D-4E1B-9EEF-1EAE0FF2DFAE}.Release|x86.ActiveCfg = Release|Any CPU
		{C250E6FC-850D-4E1B-9EEF-1EAE0FF2DFAE}.WindowsWP|Any CPU.ActiveCfg = WindowsWP|Any CPU
		{C250E6FC-850D-4E1B-9EEF-1EAE0FF2DFAE}.WindowsWP|Mixed Platforms.ActiveCfg = WindowsWP|Any CPU
		{C250E6FC-850D-4E1B-9EEF-1EAE0FF2DFAE}.WindowsWP|Mixed Platforms.Build.0 = WindowsWP|Any CPU
		{C250E6FC-850D-4E1B-9EEF-1EAE0FF2DFAE}.WindowsWP|Windows Phone.ActiveCfg = WindowsWP|Any CPU
		{C250E6FC-850D-4E1B-9EEF-1EAE0FF2DFAE}.WindowsWP|x86.ActiveCfg = WindowsWP|Any CPU
		{C250E6FC-850D-4E1B-9EEF-1EAE0FF2DFAE}.WPFControlsTest|Any CPU.ActiveCfg = WPFControlsTest|Any CPU
		{C250E6FC-850D-4E1B-9EEF-1EAE0FF2DFAE}.WPFControlsTest|Mixed Platforms.ActiveCfg = WPFControlsTest|Any CPU
		{C250E6FC-850D-4E1B-9EEF-1EAE0FF2DFAE}.WPFControlsTest|Windows Phone.ActiveCfg = WPFControlsTest|Any CPU
		{C250E6FC-850D-4E1B-9EEF-1EAE0FF2DFAE}.WPFControlsTest|x86.ActiveCfg = WPFControlsTest|Any CPU
		{B654D14D-DBC7-41DB-9286-EC9794340402}.Debug|Any CPU.ActiveCfg = Debug|Any CPU
		{B654D14D-DBC7-41DB-9286-EC9794340402}.Debug|Any CPU.Build.0 = Debug|Any CPU
		{B654D14D-DBC7-41DB-9286-EC9794340402}.Debug|Mixed Platforms.ActiveCfg = Debug|Any CPU
		{B654D14D-DBC7-41DB-9286-EC9794340402}.Debug|Mixed Platforms.Build.0 = Debug|Any CPU
		{B654D14D-DBC7-41DB-9286-EC9794340402}.Debug|Windows Phone.ActiveCfg = Debug|Any CPU
		{B654D14D-DBC7-41DB-9286-EC9794340402}.Debug|x86.ActiveCfg = Debug|Any CPU
		{B654D14D-DBC7-41DB-9286-EC9794340402}.Release|Any CPU.ActiveCfg = Release|Any CPU
		{B654D14D-DBC7-41DB-9286-EC9794340402}.Release|Any CPU.Build.0 = Release|Any CPU
		{B654D14D-DBC7-41DB-9286-EC9794340402}.Release|Mixed Platforms.ActiveCfg = Release|Any CPU
		{B654D14D-DBC7-41DB-9286-EC9794340402}.Release|Mixed Platforms.Build.0 = Release|Any CPU
		{B654D14D-DBC7-41DB-9286-EC9794340402}.Release|Windows Phone.ActiveCfg = Release|Any CPU
		{B654D14D-DBC7-41DB-9286-EC9794340402}.Release|x86.ActiveCfg = Release|Any CPU
		{B654D14D-DBC7-41DB-9286-EC9794340402}.WindowsWP|Any CPU.ActiveCfg = WindowsWP|Any CPU
		{B654D14D-DBC7-41DB-9286-EC9794340402}.WindowsWP|Mixed Platforms.ActiveCfg = WindowsWP|Any CPU
		{B654D14D-DBC7-41DB-9286-EC9794340402}.WindowsWP|Mixed Platforms.Build.0 = WindowsWP|Any CPU
		{B654D14D-DBC7-41DB-9286-EC9794340402}.WindowsWP|Windows Phone.ActiveCfg = WindowsWP|Any CPU
		{B654D14D-DBC7-41DB-9286-EC9794340402}.WindowsWP|x86.ActiveCfg = WindowsWP|Any CPU
		{B654D14D-DBC7-41DB-9286-EC9794340402}.WPFControlsTest|Any CPU.ActiveCfg = WPFControlsTest|Any CPU
		{B654D14D-DBC7-41DB-9286-EC9794340402}.WPFControlsTest|Mixed Platforms.ActiveCfg = WPFControlsTest|Any CPU
		{B654D14D-DBC7-41DB-9286-EC9794340402}.WPFControlsTest|Windows Phone.ActiveCfg = WPFControlsTest|Any CPU
		{B654D14D-DBC7-41DB-9286-EC9794340402}.WPFControlsTest|x86.ActiveCfg = WPFControlsTest|Any CPU
		{5A43ACC0-1BF6-4FB4-B990-9C681BC705FB}.Debug|Any CPU.ActiveCfg = Debug|Any CPU
		{5A43ACC0-1BF6-4FB4-B990-9C681BC705FB}.Debug|Any CPU.Build.0 = Debug|Any CPU
		{5A43ACC0-1BF6-4FB4-B990-9C681BC705FB}.Debug|Mixed Platforms.ActiveCfg = Debug|Any CPU
		{5A43ACC0-1BF6-4FB4-B990-9C681BC705FB}.Debug|Mixed Platforms.Build.0 = Debug|Any CPU
		{5A43ACC0-1BF6-4FB4-B990-9C681BC705FB}.Debug|Windows Phone.ActiveCfg = Debug|Any CPU
		{5A43ACC0-1BF6-4FB4-B990-9C681BC705FB}.Debug|x86.ActiveCfg = Debug|Any CPU
		{5A43ACC0-1BF6-4FB4-B990-9C681BC705FB}.Release|Any CPU.ActiveCfg = Release|Any CPU
		{5A43ACC0-1BF6-4FB4-B990-9C681BC705FB}.Release|Any CPU.Build.0 = Release|Any CPU
		{5A43ACC0-1BF6-4FB4-B990-9C681BC705FB}.Release|Mixed Platforms.ActiveCfg = Release|Any CPU
		{5A43ACC0-1BF6-4FB4-B990-9C681BC705FB}.Release|Mixed Platforms.Build.0 = Release|Any CPU
		{5A43ACC0-1BF6-4FB4-B990-9C681BC705FB}.Release|Windows Phone.ActiveCfg = Release|Any CPU
		{5A43ACC0-1BF6-4FB4-B990-9C681BC705FB}.Release|x86.ActiveCfg = Release|Any CPU
		{5A43ACC0-1BF6-4FB4-B990-9C681BC705FB}.WindowsWP|Any CPU.ActiveCfg = WindowsWP|Any CPU
		{5A43ACC0-1BF6-4FB4-B990-9C681BC705FB}.WindowsWP|Mixed Platforms.ActiveCfg = WindowsWP|Any CPU
		{5A43ACC0-1BF6-4FB4-B990-9C681BC705FB}.WindowsWP|Mixed Platforms.Build.0 = WindowsWP|Any CPU
		{5A43ACC0-1BF6-4FB4-B990-9C681BC705FB}.WindowsWP|Windows Phone.ActiveCfg = WindowsWP|Any CPU
		{5A43ACC0-1BF6-4FB4-B990-9C681BC705FB}.WindowsWP|x86.ActiveCfg = WindowsWP|Any CPU
		{5A43ACC0-1BF6-4FB4-B990-9C681BC705FB}.WPFControlsTest|Any CPU.ActiveCfg = WPFControlsTest|Any CPU
		{5A43ACC0-1BF6-4FB4-B990-9C681BC705FB}.WPFControlsTest|Mixed Platforms.ActiveCfg = WPFControlsTest|Any CPU
		{5A43ACC0-1BF6-4FB4-B990-9C681BC705FB}.WPFControlsTest|Windows Phone.ActiveCfg = WPFControlsTest|Any CPU
		{5A43ACC0-1BF6-4FB4-B990-9C681BC705FB}.WPFControlsTest|x86.ActiveCfg = WPFControlsTest|Any CPU
		{B81D4F88-FCBA-45EB-A9A2-1F13FBEF3785}.Debug|Any CPU.ActiveCfg = Debug|Any CPU
		{B81D4F88-FCBA-45EB-A9A2-1F13FBEF3785}.Debug|Any CPU.Build.0 = Debug|Any CPU
		{B81D4F88-FCBA-45EB-A9A2-1F13FBEF3785}.Debug|Mixed Platforms.ActiveCfg = Debug|Any CPU
		{B81D4F88-FCBA-45EB-A9A2-1F13FBEF3785}.Debug|Mixed Platforms.Build.0 = Debug|Any CPU
		{B81D4F88-FCBA-45EB-A9A2-1F13FBEF3785}.Debug|Windows Phone.ActiveCfg = Debug|Any CPU
		{B81D4F88-FCBA-45EB-A9A2-1F13FBEF3785}.Debug|x86.ActiveCfg = Debug|Any CPU
		{B81D4F88-FCBA-45EB-A9A2-1F13FBEF3785}.Release|Any CPU.ActiveCfg = Release|Any CPU
		{B81D4F88-FCBA-45EB-A9A2-1F13FBEF3785}.Release|Any CPU.Build.0 = Release|Any CPU
		{B81D4F88-FCBA-45EB-A9A2-1F13FBEF3785}.Release|Mixed Platforms.ActiveCfg = Release|Any CPU
		{B81D4F88-FCBA-45EB-A9A2-1F13FBEF3785}.Release|Mixed Platforms.Build.0 = Release|Any CPU
		{B81D4F88-FCBA-45EB-A9A2-1F13FBEF3785}.Release|Windows Phone.ActiveCfg = Release|Any CPU
		{B81D4F88-FCBA-45EB-A9A2-1F13FBEF3785}.Release|x86.ActiveCfg = Release|Any CPU
		{B81D4F88-FCBA-45EB-A9A2-1F13FBEF3785}.WindowsWP|Any CPU.ActiveCfg = WindowsWP|Any CPU
		{B81D4F88-FCBA-45EB-A9A2-1F13FBEF3785}.WindowsWP|Mixed Platforms.ActiveCfg = WindowsWP|Any CPU
		{B81D4F88-FCBA-45EB-A9A2-1F13FBEF3785}.WindowsWP|Mixed Platforms.Build.0 = WindowsWP|Any CPU
		{B81D4F88-FCBA-45EB-A9A2-1F13FBEF3785}.WindowsWP|Windows Phone.ActiveCfg = WindowsWP|Any CPU
		{B81D4F88-FCBA-45EB-A9A2-1F13FBEF3785}.WindowsWP|x86.ActiveCfg = WindowsWP|Any CPU
		{B81D4F88-FCBA-45EB-A9A2-1F13FBEF3785}.WPFControlsTest|Any CPU.ActiveCfg = WPFControlsTest|Any CPU
		{B81D4F88-FCBA-45EB-A9A2-1F13FBEF3785}.WPFControlsTest|Mixed Platforms.ActiveCfg = WPFControlsTest|Any CPU
		{B81D4F88-FCBA-45EB-A9A2-1F13FBEF3785}.WPFControlsTest|Windows Phone.ActiveCfg = WPFControlsTest|Any CPU
		{B81D4F88-FCBA-45EB-A9A2-1F13FBEF3785}.WPFControlsTest|x86.ActiveCfg = WPFControlsTest|Any CPU
		{69F42D7F-DC50-405E-9A99-3DCD1F18AB62}.Debug|Any CPU.ActiveCfg = Debug|Any CPU
		{69F42D7F-DC50-405E-9A99-3DCD1F18AB62}.Debug|Any CPU.Build.0 = Debug|Any CPU
		{69F42D7F-DC50-405E-9A99-3DCD1F18AB62}.Debug|Mixed Platforms.ActiveCfg = Debug|Any CPU
		{69F42D7F-DC50-405E-9A99-3DCD1F18AB62}.Debug|Mixed Platforms.Build.0 = Debug|Any CPU
		{69F42D7F-DC50-405E-9A99-3DCD1F18AB62}.Debug|Windows Phone.ActiveCfg = Debug|Any CPU
		{69F42D7F-DC50-405E-9A99-3DCD1F18AB62}.Debug|x86.ActiveCfg = Debug|Any CPU
		{69F42D7F-DC50-405E-9A99-3DCD1F18AB62}.Release|Any CPU.ActiveCfg = Release|Any CPU
		{69F42D7F-DC50-405E-9A99-3DCD1F18AB62}.Release|Any CPU.Build.0 = Release|Any CPU
		{69F42D7F-DC50-405E-9A99-3DCD1F18AB62}.Release|Mixed Platforms.ActiveCfg = Release|Any CPU
		{69F42D7F-DC50-405E-9A99-3DCD1F18AB62}.Release|Mixed Platforms.Build.0 = Release|Any CPU
		{69F42D7F-DC50-405E-9A99-3DCD1F18AB62}.Release|Windows Phone.ActiveCfg = Release|Any CPU
		{69F42D7F-DC50-405E-9A99-3DCD1F18AB62}.Release|x86.ActiveCfg = Release|Any CPU
		{69F42D7F-DC50-405E-9A99-3DCD1F18AB62}.WindowsWP|Any CPU.ActiveCfg = WindowsWP|Any CPU
		{69F42D7F-DC50-405E-9A99-3DCD1F18AB62}.WindowsWP|Mixed Platforms.ActiveCfg = WindowsWP|Any CPU
		{69F42D7F-DC50-405E-9A99-3DCD1F18AB62}.WindowsWP|Mixed Platforms.Build.0 = WindowsWP|Any CPU
		{69F42D7F-DC50-405E-9A99-3DCD1F18AB62}.WindowsWP|Windows Phone.ActiveCfg = WindowsWP|Any CPU
		{69F42D7F-DC50-405E-9A99-3DCD1F18AB62}.WindowsWP|x86.ActiveCfg = WindowsWP|Any CPU
		{69F42D7F-DC50-405E-9A99-3DCD1F18AB62}.WPFControlsTest|Any CPU.ActiveCfg = WPFControlsTest|Any CPU
		{69F42D7F-DC50-405E-9A99-3DCD1F18AB62}.WPFControlsTest|Mixed Platforms.ActiveCfg = WPFControlsTest|Any CPU
		{69F42D7F-DC50-405E-9A99-3DCD1F18AB62}.WPFControlsTest|Windows Phone.ActiveCfg = WPFControlsTest|Any CPU
		{69F42D7F-DC50-405E-9A99-3DCD1F18AB62}.WPFControlsTest|x86.ActiveCfg = WPFControlsTest|Any CPU
		{18E47BDF-74E7-4052-901A-B3D9456ECEA9}.Debug|Any CPU.ActiveCfg = Debug|x86
		{18E47BDF-74E7-4052-901A-B3D9456ECEA9}.Debug|Any CPU.Build.0 = Debug|x86
		{18E47BDF-74E7-4052-901A-B3D9456ECEA9}.Debug|Mixed Platforms.ActiveCfg = Debug|x86
		{18E47BDF-74E7-4052-901A-B3D9456ECEA9}.Debug|Mixed Platforms.Build.0 = Debug|x86
		{18E47BDF-74E7-4052-901A-B3D9456ECEA9}.Debug|Windows Phone.ActiveCfg = Debug|x86
		{18E47BDF-74E7-4052-901A-B3D9456ECEA9}.Debug|x86.ActiveCfg = Debug|x86
		{18E47BDF-74E7-4052-901A-B3D9456ECEA9}.Debug|x86.Build.0 = Debug|x86
		{18E47BDF-74E7-4052-901A-B3D9456ECEA9}.Release|Any CPU.ActiveCfg = Release|x86
		{18E47BDF-74E7-4052-901A-B3D9456ECEA9}.Release|Mixed Platforms.ActiveCfg = Release|x86
		{18E47BDF-74E7-4052-901A-B3D9456ECEA9}.Release|Mixed Platforms.Build.0 = Release|x86
		{18E47BDF-74E7-4052-901A-B3D9456ECEA9}.Release|Windows Phone.ActiveCfg = Release|x86
		{18E47BDF-74E7-4052-901A-B3D9456ECEA9}.Release|x86.ActiveCfg = Release|x86
		{18E47BDF-74E7-4052-901A-B3D9456ECEA9}.Release|x86.Build.0 = Release|x86
		{18E47BDF-74E7-4052-901A-B3D9456ECEA9}.WindowsWP|Any CPU.ActiveCfg = WindowsWP|x86
		{18E47BDF-74E7-4052-901A-B3D9456ECEA9}.WindowsWP|Mixed Platforms.ActiveCfg = WindowsWP|x86
		{18E47BDF-74E7-4052-901A-B3D9456ECEA9}.WindowsWP|Mixed Platforms.Build.0 = WindowsWP|x86
		{18E47BDF-74E7-4052-901A-B3D9456ECEA9}.WindowsWP|Windows Phone.ActiveCfg = WindowsWP|x86
		{18E47BDF-74E7-4052-901A-B3D9456ECEA9}.WindowsWP|x86.ActiveCfg = WindowsWP|x86
		{18E47BDF-74E7-4052-901A-B3D9456ECEA9}.WPFControlsTest|Any CPU.ActiveCfg = WPFControlsTest|x86
		{18E47BDF-74E7-4052-901A-B3D9456ECEA9}.WPFControlsTest|Mixed Platforms.ActiveCfg = WPFControlsTest|x86
		{18E47BDF-74E7-4052-901A-B3D9456ECEA9}.WPFControlsTest|Windows Phone.ActiveCfg = WPFControlsTest|x86
		{18E47BDF-74E7-4052-901A-B3D9456ECEA9}.WPFControlsTest|x86.ActiveCfg = WPFControlsTest|x86
		{18E47BDF-74E7-4052-901A-B3D9456ECEA9}.WPFControlsTest|x86.Build.0 = WPFControlsTest|x86
		{F08811ED-51BA-4FB0-B063-EA24C511DA71}.Debug|Any CPU.ActiveCfg = Debug|Any CPU
		{F08811ED-51BA-4FB0-B063-EA24C511DA71}.Debug|Any CPU.Build.0 = Debug|Any CPU
		{F08811ED-51BA-4FB0-B063-EA24C511DA71}.Debug|Mixed Platforms.ActiveCfg = Debug|Any CPU
		{F08811ED-51BA-4FB0-B063-EA24C511DA71}.Debug|Mixed Platforms.Build.0 = Debug|Any CPU
		{F08811ED-51BA-4FB0-B063-EA24C511DA71}.Debug|Windows Phone.ActiveCfg = Debug|Any CPU
		{F08811ED-51BA-4FB0-B063-EA24C511DA71}.Debug|x86.ActiveCfg = Debug|Any CPU
		{F08811ED-51BA-4FB0-B063-EA24C511DA71}.Release|Any CPU.ActiveCfg = Release|Any CPU
		{F08811ED-51BA-4FB0-B063-EA24C511DA71}.Release|Any CPU.Build.0 = Release|Any CPU
		{F08811ED-51BA-4FB0-B063-EA24C511DA71}.Release|Mixed Platforms.ActiveCfg = Release|Any CPU
		{F08811ED-51BA-4FB0-B063-EA24C511DA71}.Release|Mixed Platforms.Build.0 = Release|Any CPU
		{F08811ED-51BA-4FB0-B063-EA24C511DA71}.Release|Windows Phone.ActiveCfg = Release|Any CPU
		{F08811ED-51BA-4FB0-B063-EA24C511DA71}.Release|x86.ActiveCfg = Release|Any CPU
		{F08811ED-51BA-4FB0-B063-EA24C511DA71}.WindowsWP|Any CPU.ActiveCfg = WindowsWP|Any CPU
		{F08811ED-51BA-4FB0-B063-EA24C511DA71}.WindowsWP|Mixed Platforms.ActiveCfg = WindowsWP|Any CPU
		{F08811ED-51BA-4FB0-B063-EA24C511DA71}.WindowsWP|Mixed Platforms.Build.0 = WindowsWP|Any CPU
		{F08811ED-51BA-4FB0-B063-EA24C511DA71}.WindowsWP|Windows Phone.ActiveCfg = WindowsWP|Any CPU
		{F08811ED-51BA-4FB0-B063-EA24C511DA71}.WindowsWP|x86.ActiveCfg = WindowsWP|Any CPU
		{F08811ED-51BA-4FB0-B063-EA24C511DA71}.WPFControlsTest|Any CPU.ActiveCfg = WPFControlsTest|Any CPU
		{F08811ED-51BA-4FB0-B063-EA24C511DA71}.WPFControlsTest|Mixed Platforms.ActiveCfg = WPFControlsTest|Any CPU
		{F08811ED-51BA-4FB0-B063-EA24C511DA71}.WPFControlsTest|Windows Phone.ActiveCfg = WPFControlsTest|Any CPU
		{F08811ED-51BA-4FB0-B063-EA24C511DA71}.WPFControlsTest|x86.ActiveCfg = WPFControlsTest|Any CPU
		{30B935DE-1738-4216-8759-B55FD94199FD}.Debug|Any CPU.ActiveCfg = Debug|Any CPU
		{30B935DE-1738-4216-8759-B55FD94199FD}.Debug|Any CPU.Build.0 = Debug|Any CPU
		{30B935DE-1738-4216-8759-B55FD94199FD}.Debug|Mixed Platforms.ActiveCfg = Debug|Any CPU
		{30B935DE-1738-4216-8759-B55FD94199FD}.Debug|Mixed Platforms.Build.0 = Debug|Any CPU
		{30B935DE-1738-4216-8759-B55FD94199FD}.Debug|Windows Phone.ActiveCfg = Debug|Any CPU
		{30B935DE-1738-4216-8759-B55FD94199FD}.Debug|x86.ActiveCfg = Debug|Any CPU
		{30B935DE-1738-4216-8759-B55FD94199FD}.Release|Any CPU.ActiveCfg = Release|Any CPU
		{30B935DE-1738-4216-8759-B55FD94199FD}.Release|Any CPU.Build.0 = Release|Any CPU
		{30B935DE-1738-4216-8759-B55FD94199FD}.Release|Mixed Platforms.ActiveCfg = Release|Any CPU
		{30B935DE-1738-4216-8759-B55FD94199FD}.Release|Mixed Platforms.Build.0 = Release|Any CPU
		{30B935DE-1738-4216-8759-B55FD94199FD}.Release|Windows Phone.ActiveCfg = Release|Any CPU
		{30B935DE-1738-4216-8759-B55FD94199FD}.Release|x86.ActiveCfg = Release|Any CPU
		{30B935DE-1738-4216-8759-B55FD94199FD}.WindowsWP|Any CPU.ActiveCfg = WindowsWP|Any CPU
		{30B935DE-1738-4216-8759-B55FD94199FD}.WindowsWP|Mixed Platforms.ActiveCfg = WindowsWP|Any CPU
		{30B935DE-1738-4216-8759-B55FD94199FD}.WindowsWP|Mixed Platforms.Build.0 = WindowsWP|Any CPU
		{30B935DE-1738-4216-8759-B55FD94199FD}.WindowsWP|Windows Phone.ActiveCfg = WindowsWP|Any CPU
		{30B935DE-1738-4216-8759-B55FD94199FD}.WindowsWP|x86.ActiveCfg = WindowsWP|Any CPU
		{30B935DE-1738-4216-8759-B55FD94199FD}.WPFControlsTest|Any CPU.ActiveCfg = WPFControlsTest|Any CPU
		{30B935DE-1738-4216-8759-B55FD94199FD}.WPFControlsTest|Mixed Platforms.ActiveCfg = WPFControlsTest|Any CPU
		{30B935DE-1738-4216-8759-B55FD94199FD}.WPFControlsTest|Windows Phone.ActiveCfg = WPFControlsTest|Any CPU
		{30B935DE-1738-4216-8759-B55FD94199FD}.WPFControlsTest|x86.ActiveCfg = WPFControlsTest|Any CPU
		{089E73FF-7E7D-4391-8DDF-62366BDE6A70}.Debug|Any CPU.ActiveCfg = Debug|Any CPU
		{089E73FF-7E7D-4391-8DDF-62366BDE6A70}.Debug|Any CPU.Build.0 = Debug|Any CPU
		{089E73FF-7E7D-4391-8DDF-62366BDE6A70}.Debug|Mixed Platforms.ActiveCfg = Debug|Any CPU
		{089E73FF-7E7D-4391-8DDF-62366BDE6A70}.Debug|Mixed Platforms.Build.0 = Debug|Any CPU
		{089E73FF-7E7D-4391-8DDF-62366BDE6A70}.Debug|Windows Phone.ActiveCfg = Debug|Any CPU
		{089E73FF-7E7D-4391-8DDF-62366BDE6A70}.Debug|x86.ActiveCfg = Debug|Any CPU
		{089E73FF-7E7D-4391-8DDF-62366BDE6A70}.Release|Any CPU.ActiveCfg = Release|Any CPU
		{089E73FF-7E7D-4391-8DDF-62366BDE6A70}.Release|Any CPU.Build.0 = Release|Any CPU
		{089E73FF-7E7D-4391-8DDF-62366BDE6A70}.Release|Mixed Platforms.ActiveCfg = Release|Any CPU
		{089E73FF-7E7D-4391-8DDF-62366BDE6A70}.Release|Mixed Platforms.Build.0 = Release|Any CPU
		{089E73FF-7E7D-4391-8DDF-62366BDE6A70}.Release|Windows Phone.ActiveCfg = Release|Any CPU
		{089E73FF-7E7D-4391-8DDF-62366BDE6A70}.Release|x86.ActiveCfg = Release|Any CPU
		{089E73FF-7E7D-4391-8DDF-62366BDE6A70}.WindowsWP|Any CPU.ActiveCfg = Release|Any CPU
		{089E73FF-7E7D-4391-8DDF-62366BDE6A70}.WindowsWP|Any CPU.Build.0 = Release|Any CPU
		{089E73FF-7E7D-4391-8DDF-62366BDE6A70}.WindowsWP|Mixed Platforms.ActiveCfg = Release|Any CPU
		{089E73FF-7E7D-4391-8DDF-62366BDE6A70}.WindowsWP|Mixed Platforms.Build.0 = Release|Any CPU
		{089E73FF-7E7D-4391-8DDF-62366BDE6A70}.WindowsWP|Windows Phone.ActiveCfg = Release|Any CPU
		{089E73FF-7E7D-4391-8DDF-62366BDE6A70}.WindowsWP|x86.ActiveCfg = Release|Any CPU
		{089E73FF-7E7D-4391-8DDF-62366BDE6A70}.WPFControlsTest|Any CPU.ActiveCfg = WPFControlsTest|Any CPU
		{089E73FF-7E7D-4391-8DDF-62366BDE6A70}.WPFControlsTest|Mixed Platforms.ActiveCfg = WPFControlsTest|Any CPU
		{089E73FF-7E7D-4391-8DDF-62366BDE6A70}.WPFControlsTest|Windows Phone.ActiveCfg = WPFControlsTest|Any CPU
		{089E73FF-7E7D-4391-8DDF-62366BDE6A70}.WPFControlsTest|x86.ActiveCfg = WPFControlsTest|Any CPU
		{CC3620E1-74A9-494C-A126-8E286198B24E}.Debug|Any CPU.ActiveCfg = Debug
		{CC3620E1-74A9-494C-A126-8E286198B24E}.Debug|Mixed Platforms.ActiveCfg = Debug
		{CC3620E1-74A9-494C-A126-8E286198B24E}.Debug|Windows Phone.ActiveCfg = Debug
		{CC3620E1-74A9-494C-A126-8E286198B24E}.Debug|x86.ActiveCfg = Debug
		{CC3620E1-74A9-494C-A126-8E286198B24E}.Release|Any CPU.ActiveCfg = Release
		{CC3620E1-74A9-494C-A126-8E286198B24E}.Release|Mixed Platforms.ActiveCfg = Release
		{CC3620E1-74A9-494C-A126-8E286198B24E}.Release|Windows Phone.ActiveCfg = Release
		{CC3620E1-74A9-494C-A126-8E286198B24E}.Release|x86.ActiveCfg = Release
		{CC3620E1-74A9-494C-A126-8E286198B24E}.WindowsWP|Any CPU.ActiveCfg = Release
		{CC3620E1-74A9-494C-A126-8E286198B24E}.WindowsWP|Mixed Platforms.ActiveCfg = Release
		{CC3620E1-74A9-494C-A126-8E286198B24E}.WindowsWP|Windows Phone.ActiveCfg = Release
		{CC3620E1-74A9-494C-A126-8E286198B24E}.WindowsWP|x86.ActiveCfg = Release
		{CC3620E1-74A9-494C-A126-8E286198B24E}.WPFControlsTest|Any CPU.ActiveCfg = WPFControlsTest
		{CC3620E1-74A9-494C-A126-8E286198B24E}.WPFControlsTest|Mixed Platforms.ActiveCfg = WPFControlsTest
		{CC3620E1-74A9-494C-A126-8E286198B24E}.WPFControlsTest|Windows Phone.ActiveCfg = WPFControlsTest
		{CC3620E1-74A9-494C-A126-8E286198B24E}.WPFControlsTest|Windows Phone.Build.0 = WPFControlsTest
		{CC3620E1-74A9-494C-A126-8E286198B24E}.WPFControlsTest|x86.ActiveCfg = WPFControlsTest
		{CC3620E1-74A9-494C-A126-8E286198B24E}.WPFControlsTest|x86.Build.0 = WPFControlsTest
		{E3410104-FB6B-43A4-B2BF-4111EA935633}.Debug|Any CPU.ActiveCfg = Debug|Any CPU
		{E3410104-FB6B-43A4-B2BF-4111EA935633}.Debug|Any CPU.Build.0 = Debug|Any CPU
		{E3410104-FB6B-43A4-B2BF-4111EA935633}.Debug|Mixed Platforms.ActiveCfg = Debug|Any CPU
		{E3410104-FB6B-43A4-B2BF-4111EA935633}.Debug|Mixed Platforms.Build.0 = Debug|Any CPU
		{E3410104-FB6B-43A4-B2BF-4111EA935633}.Debug|Windows Phone.ActiveCfg = Debug|Any CPU
		{E3410104-FB6B-43A4-B2BF-4111EA935633}.Debug|x86.ActiveCfg = Debug|Any CPU
		{E3410104-FB6B-43A4-B2BF-4111EA935633}.Release|Any CPU.ActiveCfg = Release|Any CPU
		{E3410104-FB6B-43A4-B2BF-4111EA935633}.Release|Any CPU.Build.0 = Release|Any CPU
		{E3410104-FB6B-43A4-B2BF-4111EA935633}.Release|Mixed Platforms.ActiveCfg = Release|Any CPU
		{E3410104-FB6B-43A4-B2BF-4111EA935633}.Release|Mixed Platforms.Build.0 = Release|Any CPU
		{E3410104-FB6B-43A4-B2BF-4111EA935633}.Release|Windows Phone.ActiveCfg = Release|Any CPU
		{E3410104-FB6B-43A4-B2BF-4111EA935633}.Release|x86.ActiveCfg = Release|Any CPU
		{E3410104-FB6B-43A4-B2BF-4111EA935633}.WindowsWP|Any CPU.ActiveCfg = Release|Any CPU
		{E3410104-FB6B-43A4-B2BF-4111EA935633}.WindowsWP|Any CPU.Build.0 = Release|Any CPU
		{E3410104-FB6B-43A4-B2BF-4111EA935633}.WindowsWP|Mixed Platforms.ActiveCfg = Release|Any CPU
		{E3410104-FB6B-43A4-B2BF-4111EA935633}.WindowsWP|Mixed Platforms.Build.0 = Release|Any CPU
		{E3410104-FB6B-43A4-B2BF-4111EA935633}.WindowsWP|Windows Phone.ActiveCfg = Release|Any CPU
		{E3410104-FB6B-43A4-B2BF-4111EA935633}.WindowsWP|x86.ActiveCfg = Release|Any CPU
		{E3410104-FB6B-43A4-B2BF-4111EA935633}.WPFControlsTest|Any CPU.ActiveCfg = WPFControlsTest|Any CPU
		{E3410104-FB6B-43A4-B2BF-4111EA935633}.WPFControlsTest|Mixed Platforms.ActiveCfg = WPFControlsTest|Any CPU
		{E3410104-FB6B-43A4-B2BF-4111EA935633}.WPFControlsTest|Windows Phone.ActiveCfg = WPFControlsTest|Any CPU
		{E3410104-FB6B-43A4-B2BF-4111EA935633}.WPFControlsTest|x86.ActiveCfg = WPFControlsTest|Any CPU
		{B55731AB-A4C4-43E6-BC0E-1E055B56BD21}.Debug|Any CPU.ActiveCfg = Debug|x86
		{B55731AB-A4C4-43E6-BC0E-1E055B56BD21}.Debug|Mixed Platforms.ActiveCfg = Debug|x86
		{B55731AB-A4C4-43E6-BC0E-1E055B56BD21}.Debug|Mixed Platforms.Build.0 = Debug|x86
		{B55731AB-A4C4-43E6-BC0E-1E055B56BD21}.Debug|Windows Phone.ActiveCfg = Debug|x86
		{B55731AB-A4C4-43E6-BC0E-1E055B56BD21}.Debug|x86.ActiveCfg = Debug|x86
		{B55731AB-A4C4-43E6-BC0E-1E055B56BD21}.Debug|x86.Build.0 = Debug|x86
		{B55731AB-A4C4-43E6-BC0E-1E055B56BD21}.Release|Any CPU.ActiveCfg = Release|x86
		{B55731AB-A4C4-43E6-BC0E-1E055B56BD21}.Release|Mixed Platforms.ActiveCfg = Release|x86
		{B55731AB-A4C4-43E6-BC0E-1E055B56BD21}.Release|Mixed Platforms.Build.0 = Release|x86
		{B55731AB-A4C4-43E6-BC0E-1E055B56BD21}.Release|Windows Phone.ActiveCfg = Release|x86
		{B55731AB-A4C4-43E6-BC0E-1E055B56BD21}.Release|x86.ActiveCfg = Release|x86
		{B55731AB-A4C4-43E6-BC0E-1E055B56BD21}.Release|x86.Build.0 = Release|x86
		{B55731AB-A4C4-43E6-BC0E-1E055B56BD21}.WindowsWP|Any CPU.ActiveCfg = Release|x86
		{B55731AB-A4C4-43E6-BC0E-1E055B56BD21}.WindowsWP|Mixed Platforms.ActiveCfg = Release|x86
		{B55731AB-A4C4-43E6-BC0E-1E055B56BD21}.WindowsWP|Mixed Platforms.Build.0 = Release|x86
		{B55731AB-A4C4-43E6-BC0E-1E055B56BD21}.WindowsWP|Windows Phone.ActiveCfg = Release|x86
		{B55731AB-A4C4-43E6-BC0E-1E055B56BD21}.WindowsWP|x86.ActiveCfg = Release|x86
		{B55731AB-A4C4-43E6-BC0E-1E055B56BD21}.WindowsWP|x86.Build.0 = Release|x86
		{B55731AB-A4C4-43E6-BC0E-1E055B56BD21}.WPFControlsTest|Any CPU.ActiveCfg = WPFControlsTest|x86
		{B55731AB-A4C4-43E6-BC0E-1E055B56BD21}.WPFControlsTest|Any CPU.Build.0 = WPFControlsTest|x86
		{B55731AB-A4C4-43E6-BC0E-1E055B56BD21}.WPFControlsTest|Mixed Platforms.ActiveCfg = WPFControlsTest|x86
		{B55731AB-A4C4-43E6-BC0E-1E055B56BD21}.WPFControlsTest|Mixed Platforms.Build.0 = WPFControlsTest|x86
		{B55731AB-A4C4-43E6-BC0E-1E055B56BD21}.WPFControlsTest|Windows Phone.ActiveCfg = WPFControlsTest|x86
		{B55731AB-A4C4-43E6-BC0E-1E055B56BD21}.WPFControlsTest|x86.ActiveCfg = WPFControlsTest|x86
		{B55731AB-A4C4-43E6-BC0E-1E055B56BD21}.WPFControlsTest|x86.Build.0 = WPFControlsTest|x86
		{4E8F0124-9469-4CB2-8249-A3382DB8AD5B}.Debug|Any CPU.ActiveCfg = Debug|x86
		{4E8F0124-9469-4CB2-8249-A3382DB8AD5B}.Debug|Mixed Platforms.ActiveCfg = Debug|x86
		{4E8F0124-9469-4CB2-8249-A3382DB8AD5B}.Debug|Mixed Platforms.Build.0 = Debug|x86
		{4E8F0124-9469-4CB2-8249-A3382DB8AD5B}.Debug|Windows Phone.ActiveCfg = Debug|x86
		{4E8F0124-9469-4CB2-8249-A3382DB8AD5B}.Debug|x86.ActiveCfg = Debug|x86
		{4E8F0124-9469-4CB2-8249-A3382DB8AD5B}.Debug|x86.Build.0 = Debug|x86
		{4E8F0124-9469-4CB2-8249-A3382DB8AD5B}.Release|Any CPU.ActiveCfg = Release|x86
		{4E8F0124-9469-4CB2-8249-A3382DB8AD5B}.Release|Mixed Platforms.ActiveCfg = Release|x86
		{4E8F0124-9469-4CB2-8249-A3382DB8AD5B}.Release|Mixed Platforms.Build.0 = Release|x86
		{4E8F0124-9469-4CB2-8249-A3382DB8AD5B}.Release|Windows Phone.ActiveCfg = Release|x86
		{4E8F0124-9469-4CB2-8249-A3382DB8AD5B}.Release|x86.ActiveCfg = Release|x86
		{4E8F0124-9469-4CB2-8249-A3382DB8AD5B}.Release|x86.Build.0 = Release|x86
		{4E8F0124-9469-4CB2-8249-A3382DB8AD5B}.WindowsWP|Any CPU.ActiveCfg = Release|x86
		{4E8F0124-9469-4CB2-8249-A3382DB8AD5B}.WindowsWP|Mixed Platforms.ActiveCfg = Release|x86
		{4E8F0124-9469-4CB2-8249-A3382DB8AD5B}.WindowsWP|Mixed Platforms.Build.0 = Release|x86
		{4E8F0124-9469-4CB2-8249-A3382DB8AD5B}.WindowsWP|Windows Phone.ActiveCfg = Release|x86
		{4E8F0124-9469-4CB2-8249-A3382DB8AD5B}.WindowsWP|x86.ActiveCfg = Release|x86
		{4E8F0124-9469-4CB2-8249-A3382DB8AD5B}.WindowsWP|x86.Build.0 = Release|x86
		{4E8F0124-9469-4CB2-8249-A3382DB8AD5B}.WPFControlsTest|Any CPU.ActiveCfg = Release|x86
		{4E8F0124-9469-4CB2-8249-A3382DB8AD5B}.WPFControlsTest|Mixed Platforms.ActiveCfg = Release|x86
		{4E8F0124-9469-4CB2-8249-A3382DB8AD5B}.WPFControlsTest|Mixed Platforms.Build.0 = Release|x86
		{4E8F0124-9469-4CB2-8249-A3382DB8AD5B}.WPFControlsTest|Windows Phone.ActiveCfg = Release|x86
		{4E8F0124-9469-4CB2-8249-A3382DB8AD5B}.WPFControlsTest|x86.ActiveCfg = Release|x86
		{4E8F0124-9469-4CB2-8249-A3382DB8AD5B}.WPFControlsTest|x86.Build.0 = Release|x86
		{171BF91A-9D35-46EB-ADB8-D001116E406B}.Debug|Any CPU.ActiveCfg = Debug|Any CPU
		{171BF91A-9D35-46EB-ADB8-D001116E406B}.Debug|Any CPU.Build.0 = Debug|Any CPU
		{171BF91A-9D35-46EB-ADB8-D001116E406B}.Debug|Mixed Platforms.ActiveCfg = Debug|Any CPU
		{171BF91A-9D35-46EB-ADB8-D001116E406B}.Debug|Mixed Platforms.Build.0 = Debug|Any CPU
		{171BF91A-9D35-46EB-ADB8-D001116E406B}.Debug|Windows Phone.ActiveCfg = Debug|Any CPU
		{171BF91A-9D35-46EB-ADB8-D001116E406B}.Debug|Windows Phone.Build.0 = Debug|Any CPU
		{171BF91A-9D35-46EB-ADB8-D001116E406B}.Debug|x86.ActiveCfg = Debug|Any CPU
		{171BF91A-9D35-46EB-ADB8-D001116E406B}.Debug|x86.Build.0 = Debug|Any CPU
		{171BF91A-9D35-46EB-ADB8-D001116E406B}.Release|Any CPU.ActiveCfg = Release|Any CPU
		{171BF91A-9D35-46EB-ADB8-D001116E406B}.Release|Any CPU.Build.0 = Release|Any CPU
		{171BF91A-9D35-46EB-ADB8-D001116E406B}.Release|Mixed Platforms.ActiveCfg = Release|Any CPU
		{171BF91A-9D35-46EB-ADB8-D001116E406B}.Release|Mixed Platforms.Build.0 = Release|Any CPU
		{171BF91A-9D35-46EB-ADB8-D001116E406B}.Release|Windows Phone.ActiveCfg = Release|Any CPU
		{171BF91A-9D35-46EB-ADB8-D001116E406B}.Release|Windows Phone.Build.0 = Release|Any CPU
		{171BF91A-9D35-46EB-ADB8-D001116E406B}.Release|x86.ActiveCfg = Release|Any CPU
		{171BF91A-9D35-46EB-ADB8-D001116E406B}.Release|x86.Build.0 = Release|Any CPU
		{171BF91A-9D35-46EB-ADB8-D001116E406B}.WindowsWP|Any CPU.ActiveCfg = Release|Any CPU
		{171BF91A-9D35-46EB-ADB8-D001116E406B}.WindowsWP|Any CPU.Build.0 = Release|Any CPU
		{171BF91A-9D35-46EB-ADB8-D001116E406B}.WindowsWP|Mixed Platforms.ActiveCfg = Release|Any CPU
		{171BF91A-9D35-46EB-ADB8-D001116E406B}.WindowsWP|Mixed Platforms.Build.0 = Release|Any CPU
		{171BF91A-9D35-46EB-ADB8-D001116E406B}.WindowsWP|Windows Phone.ActiveCfg = Release|Any CPU
		{171BF91A-9D35-46EB-ADB8-D001116E406B}.WindowsWP|Windows Phone.Build.0 = Release|Any CPU
		{171BF91A-9D35-46EB-ADB8-D001116E406B}.WindowsWP|x86.ActiveCfg = Release|Any CPU
		{171BF91A-9D35-46EB-ADB8-D001116E406B}.WindowsWP|x86.Build.0 = Release|Any CPU
		{171BF91A-9D35-46EB-ADB8-D001116E406B}.WPFControlsTest|Any CPU.ActiveCfg = Release|Any CPU
		{171BF91A-9D35-46EB-ADB8-D001116E406B}.WPFControlsTest|Any CPU.Build.0 = Release|Any CPU
		{171BF91A-9D35-46EB-ADB8-D001116E406B}.WPFControlsTest|Mixed Platforms.ActiveCfg = Release|Any CPU
		{171BF91A-9D35-46EB-ADB8-D001116E406B}.WPFControlsTest|Mixed Platforms.Build.0 = Release|Any CPU
		{171BF91A-9D35-46EB-ADB8-D001116E406B}.WPFControlsTest|Windows Phone.ActiveCfg = Release|Any CPU
		{171BF91A-9D35-46EB-ADB8-D001116E406B}.WPFControlsTest|Windows Phone.Build.0 = Release|Any CPU
		{171BF91A-9D35-46EB-ADB8-D001116E406B}.WPFControlsTest|x86.ActiveCfg = Release|Any CPU
		{171BF91A-9D35-46EB-ADB8-D001116E406B}.WPFControlsTest|x86.Build.0 = Release|Any CPU
		{6303D486-618E-4AF1-B42A-C16F9E381D0A}.Debug|Any CPU.ActiveCfg = Debug|Any CPU
		{6303D486-618E-4AF1-B42A-C16F9E381D0A}.Debug|Any CPU.Build.0 = Debug|Any CPU
		{6303D486-618E-4AF1-B42A-C16F9E381D0A}.Debug|Mixed Platforms.ActiveCfg = Debug|Any CPU
		{6303D486-618E-4AF1-B42A-C16F9E381D0A}.Debug|Mixed Platforms.Build.0 = Debug|Any CPU
		{6303D486-618E-4AF1-B42A-C16F9E381D0A}.Debug|Windows Phone.ActiveCfg = Debug|Any CPU
		{6303D486-618E-4AF1-B42A-C16F9E381D0A}.Debug|Windows Phone.Build.0 = Debug|Any CPU
		{6303D486-618E-4AF1-B42A-C16F9E381D0A}.Debug|x86.ActiveCfg = Debug|Any CPU
		{6303D486-618E-4AF1-B42A-C16F9E381D0A}.Debug|x86.Build.0 = Debug|Any CPU
		{6303D486-618E-4AF1-B42A-C16F9E381D0A}.Release|Any CPU.ActiveCfg = Release|Any CPU
		{6303D486-618E-4AF1-B42A-C16F9E381D0A}.Release|Any CPU.Build.0 = Release|Any CPU
		{6303D486-618E-4AF1-B42A-C16F9E381D0A}.Release|Mixed Platforms.ActiveCfg = Release|Any CPU
		{6303D486-618E-4AF1-B42A-C16F9E381D0A}.Release|Mixed Platforms.Build.0 = Release|Any CPU
		{6303D486-618E-4AF1-B42A-C16F9E381D0A}.Release|Windows Phone.ActiveCfg = Release|Any CPU
		{6303D486-618E-4AF1-B42A-C16F9E381D0A}.Release|Windows Phone.Build.0 = Release|Any CPU
		{6303D486-618E-4AF1-B42A-C16F9E381D0A}.Release|x86.ActiveCfg = Release|Any CPU
		{6303D486-618E-4AF1-B42A-C16F9E381D0A}.Release|x86.Build.0 = Release|Any CPU
		{6303D486-618E-4AF1-B42A-C16F9E381D0A}.WindowsWP|Any CPU.ActiveCfg = Release|Any CPU
		{6303D486-618E-4AF1-B42A-C16F9E381D0A}.WindowsWP|Any CPU.Build.0 = Release|Any CPU
		{6303D486-618E-4AF1-B42A-C16F9E381D0A}.WindowsWP|Mixed Platforms.ActiveCfg = Release|Any CPU
		{6303D486-618E-4AF1-B42A-C16F9E381D0A}.WindowsWP|Mixed Platforms.Build.0 = Release|Any CPU
		{6303D486-618E-4AF1-B42A-C16F9E381D0A}.WindowsWP|Windows Phone.ActiveCfg = Release|Any CPU
		{6303D486-618E-4AF1-B42A-C16F9E381D0A}.WindowsWP|Windows Phone.Build.0 = Release|Any CPU
		{6303D486-618E-4AF1-B42A-C16F9E381D0A}.WindowsWP|x86.ActiveCfg = Release|Any CPU
		{6303D486-618E-4AF1-B42A-C16F9E381D0A}.WindowsWP|x86.Build.0 = Release|Any CPU
		{6303D486-618E-4AF1-B42A-C16F9E381D0A}.WPFControlsTest|Any CPU.ActiveCfg = Release|Any CPU
		{6303D486-618E-4AF1-B42A-C16F9E381D0A}.WPFControlsTest|Any CPU.Build.0 = Release|Any CPU
		{6303D486-618E-4AF1-B42A-C16F9E381D0A}.WPFControlsTest|Mixed Platforms.ActiveCfg = Release|Any CPU
		{6303D486-618E-4AF1-B42A-C16F9E381D0A}.WPFControlsTest|Mixed Platforms.Build.0 = Release|Any CPU
		{6303D486-618E-4AF1-B42A-C16F9E381D0A}.WPFControlsTest|Windows Phone.ActiveCfg = Release|Any CPU
		{6303D486-618E-4AF1-B42A-C16F9E381D0A}.WPFControlsTest|Windows Phone.Build.0 = Release|Any CPU
		{6303D486-618E-4AF1-B42A-C16F9E381D0A}.WPFControlsTest|x86.ActiveCfg = Release|Any CPU
		{6303D486-618E-4AF1-B42A-C16F9E381D0A}.WPFControlsTest|x86.Build.0 = Release|Any CPU
		{2E6D5F4A-65D7-4C7A-A116-58C6BD8A2048}.Debug|Any CPU.ActiveCfg = Debug|Any CPU
		{2E6D5F4A-65D7-4C7A-A116-58C6BD8A2048}.Debug|Any CPU.Build.0 = Debug|Any CPU
		{2E6D5F4A-65D7-4C7A-A116-58C6BD8A2048}.Debug|Mixed Platforms.ActiveCfg = Debug|Any CPU
		{2E6D5F4A-65D7-4C7A-A116-58C6BD8A2048}.Debug|Mixed Platforms.Build.0 = Debug|Any CPU
		{2E6D5F4A-65D7-4C7A-A116-58C6BD8A2048}.Debug|Windows Phone.ActiveCfg = Debug|Any CPU
		{2E6D5F4A-65D7-4C7A-A116-58C6BD8A2048}.Debug|Windows Phone.Build.0 = Debug|Any CPU
		{2E6D5F4A-65D7-4C7A-A116-58C6BD8A2048}.Debug|x86.ActiveCfg = Debug|Any CPU
		{2E6D5F4A-65D7-4C7A-A116-58C6BD8A2048}.Debug|x86.Build.0 = Debug|Any CPU
		{2E6D5F4A-65D7-4C7A-A116-58C6BD8A2048}.Release|Any CPU.ActiveCfg = Release|Any CPU
		{2E6D5F4A-65D7-4C7A-A116-58C6BD8A2048}.Release|Any CPU.Build.0 = Release|Any CPU
		{2E6D5F4A-65D7-4C7A-A116-58C6BD8A2048}.Release|Mixed Platforms.ActiveCfg = Release|Any CPU
		{2E6D5F4A-65D7-4C7A-A116-58C6BD8A2048}.Release|Mixed Platforms.Build.0 = Release|Any CPU
		{2E6D5F4A-65D7-4C7A-A116-58C6BD8A2048}.Release|Windows Phone.ActiveCfg = Release|Any CPU
		{2E6D5F4A-65D7-4C7A-A116-58C6BD8A2048}.Release|Windows Phone.Build.0 = Release|Any CPU
		{2E6D5F4A-65D7-4C7A-A116-58C6BD8A2048}.Release|x86.ActiveCfg = Release|Any CPU
		{2E6D5F4A-65D7-4C7A-A116-58C6BD8A2048}.Release|x86.Build.0 = Release|Any CPU
		{2E6D5F4A-65D7-4C7A-A116-58C6BD8A2048}.WindowsWP|Any CPU.ActiveCfg = Release|Any CPU
		{2E6D5F4A-65D7-4C7A-A116-58C6BD8A2048}.WindowsWP|Any CPU.Build.0 = Release|Any CPU
		{2E6D5F4A-65D7-4C7A-A116-58C6BD8A2048}.WindowsWP|Mixed Platforms.ActiveCfg = Release|Any CPU
		{2E6D5F4A-65D7-4C7A-A116-58C6BD8A2048}.WindowsWP|Mixed Platforms.Build.0 = Release|Any CPU
		{2E6D5F4A-65D7-4C7A-A116-58C6BD8A2048}.WindowsWP|Windows Phone.ActiveCfg = Release|Any CPU
		{2E6D5F4A-65D7-4C7A-A116-58C6BD8A2048}.WindowsWP|Windows Phone.Build.0 = Release|Any CPU
		{2E6D5F4A-65D7-4C7A-A116-58C6BD8A2048}.WindowsWP|x86.ActiveCfg = Release|Any CPU
		{2E6D5F4A-65D7-4C7A-A116-58C6BD8A2048}.WindowsWP|x86.Build.0 = Release|Any CPU
		{2E6D5F4A-65D7-4C7A-A116-58C6BD8A2048}.WPFControlsTest|Any CPU.ActiveCfg = Release|Any CPU
		{2E6D5F4A-65D7-4C7A-A116-58C6BD8A2048}.WPFControlsTest|Any CPU.Build.0 = Release|Any CPU
		{2E6D5F4A-65D7-4C7A-A116-58C6BD8A2048}.WPFControlsTest|Mixed Platforms.ActiveCfg = Release|Any CPU
		{2E6D5F4A-65D7-4C7A-A116-58C6BD8A2048}.WPFControlsTest|Mixed Platforms.Build.0 = Release|Any CPU
		{2E6D5F4A-65D7-4C7A-A116-58C6BD8A2048}.WPFControlsTest|Windows Phone.ActiveCfg = Release|Any CPU
		{2E6D5F4A-65D7-4C7A-A116-58C6BD8A2048}.WPFControlsTest|Windows Phone.Build.0 = Release|Any CPU
		{2E6D5F4A-65D7-4C7A-A116-58C6BD8A2048}.WPFControlsTest|x86.ActiveCfg = Release|Any CPU
		{2E6D5F4A-65D7-4C7A-A116-58C6BD8A2048}.WPFControlsTest|x86.Build.0 = Release|Any CPU
	EndGlobalSection
	GlobalSection(SolutionProperties) = preSolution
		HideSolutionNode = FALSE
	EndGlobalSection
	GlobalSection(NestedProjects) = preSolution
		{110D90E6-3E8A-478C-AEB8-940315E2CBE9} = {B24F8373-47A5-46CE-AFE7-D5A080AE98A9}
		{44F22CC9-C61D-44A8-99F8-00AF543F0672} = {4178A4E0-44CA-4186-9800-8842289F53A4}
		{C21E377F-CC1A-439F-B80D-B1961B1BE6AC} = {83990907-C4B9-47A3-8D85-D183EBD5487B}
		{C250E6FC-850D-4E1B-9EEF-1EAE0FF2DFAE} = {83990907-C4B9-47A3-8D85-D183EBD5487B}
		{B81D4F88-FCBA-45EB-A9A2-1F13FBEF3785} = {4178A4E0-44CA-4186-9800-8842289F53A4}
		{69F42D7F-DC50-405E-9A99-3DCD1F18AB62} = {B24F8373-47A5-46CE-AFE7-D5A080AE98A9}
		{18E47BDF-74E7-4052-901A-B3D9456ECEA9} = {4178A4E0-44CA-4186-9800-8842289F53A4}
		{F08811ED-51BA-4FB0-B063-EA24C511DA71} = {4178A4E0-44CA-4186-9800-8842289F53A4}
		{30B935DE-1738-4216-8759-B55FD94199FD} = {B24F8373-47A5-46CE-AFE7-D5A080AE98A9}
		{089E73FF-7E7D-4391-8DDF-62366BDE6A70} = {83990907-C4B9-47A3-8D85-D183EBD5487B}
		{CC3620E1-74A9-494C-A126-8E286198B24E} = {F53A6E4F-410A-45F3-A7D5-CD52BFE872FF}
		{E3410104-FB6B-43A4-B2BF-4111EA935633} = {4178A4E0-44CA-4186-9800-8842289F53A4}
		{B55731AB-A4C4-43E6-BC0E-1E055B56BD21} = {3C48F3E6-3424-44BA-A742-C7E4229AA2A2}
		{4E8F0124-9469-4CB2-8249-A3382DB8AD5B} = {4178A4E0-44CA-4186-9800-8842289F53A4}
		{171BF91A-9D35-46EB-ADB8-D001116E406B} = {4178A4E0-44CA-4186-9800-8842289F53A4}
		{6303D486-618E-4AF1-B42A-C16F9E381D0A} = {83990907-C4B9-47A3-8D85-D183EBD5487B}
		{2E6D5F4A-65D7-4C7A-A116-58C6BD8A2048} = {B24F8373-47A5-46CE-AFE7-D5A080AE98A9}
	EndGlobalSection
	GlobalSection(ExtensibilityGlobals) = postSolution
		SolutionGuid = {A23ECB2F-386C-48F9-9104-F908B353770E}
	EndGlobalSection
	GlobalSection(TeamFoundationVersionControl) = preSolution
		SccNumberOfProjects = 1
		SccEnterpriseProvider = {4CA58AB2-18FA-4F8D-95D4-32DDF27D184C}
		SccTeamFoundationServer = https://sobiens.visualstudio.com/
		SccProjectUniqueName0 = Sobiens.Connectors.Setup\\Sobiens.Connectors.Setup.vdproj
		SccProjectTopLevelParentUniqueName0 = Sobiens.Connectors.sln
		SccProjectName0 = Sobiens.Connectors.Setup
		SccAuxPath0 = https://sobiens.visualstudio.com
		SccLocalPath0 = Sobiens.Connectors.Setup
		SccProvider0 = {4CA58AB2-18FA-4F8D-95D4-32DDF27D184C}
	EndGlobalSection
EndGlobal
